<Solution>
  <Project Path="../../../../../../OneDrive/Desktop/Api/JSHOP/JSHOP.BLL/JSHOP.BLL.csproj" />
  <Project Path="../../../../../../OneDrive/Desktop/Api/JSHOP/JSHOP.DAL/JSHOP.DAL.csproj" />
  <Project Path="../../../../../../OneDrive/Desktop/Api/JSHOP/JSHOP.PL/JSHOP.PL.csproj" />
</Solution>
